Microsoft Visual Studio Solution File, Format Version 9.00
# Visual Studio 2005
Project("{8BC9CEB8-8B4A-11D0-8D11-00A0C91BC942}") = "arkanoid", "Arkanoid.vcproj", "{53D90C77-CD81-41FA-BD75-C4E6FFB3DB6F}"
EndProject
Global
	GlobalSection(SourceCodeControl) = preSolution
		SccNumberOfProjects = 2
		SccLocalPath0 = .
		CanCheckoutShared = false
		SccProjectUniqueName1 = Arkanoid.vcproj
		SccLocalPath1 = .
		CanCheckoutShared = false
	EndGlobalSection
	GlobalSection(SolutionConfigurationPlatforms) = preSolution
		Debug|Default = Debug|Default
		Release|Default = Release|Default
	EndGlobalSection
	GlobalSection(ProjectConfigurationPlatforms) = postSolution
		{53D90C77-CD81-41FA-BD75-C4E6FFB3DB6F}.Debug|Default.ActiveCfg = Debug|Win32
		{53D90C77-CD81-41FA-BD75-C4E6FFB3DB6F}.Debug|Default.Build.0 = Debug|Win32
		{53D90C77-CD81-41FA-BD75-C4E6FFB3DB6F}.Release|Default.ActiveCfg = Release|Win32
		{53D90C77-CD81-41FA-BD75-C4E6FFB3DB6F}.Release|Default.Build.0 = Release|Win32
	EndGlobalSection
	GlobalSection(SolutionProperties) = preSolution
		HideSolutionNode = FALSE
	EndGlobalSection
EndGlobal
